// !$*UTF8*$!
{
    archiveVersion = 1;
    classes = {};
    objectVersion = 56;
    objects = {

/* Begin PBXBuildFile section */
        A10000000000000000000001 /* AppDelegate.swift in Sources */ = {isa = PBXBuildFile; fileRef = A10000000000000000000011 /* AppDelegate.swift */; };
        A10000000000000000000002 /* main.swift in Sources */ = {isa = PBXBuildFile; fileRef = A10000000000000000000012 /* main.swift */; };
        A10000000000000000000003 /* dist in Resources */ = {isa = PBXBuildFile; fileRef = A10000000000000000000013 /* dist */; };
        A10000000000000000000004 /* MixerConfiguration.swift in Sources */ = {isa = PBXBuildFile; fileRef = A10000000000000000000015 /* MixerConfiguration.swift */; };
        A10000000000000000000005 /* GraphValidator.swift in Sources */ = {isa = PBXBuildFile; fileRef = A10000000000000000000016 /* GraphValidator.swift */; };
        A10000000000000000000006 /* ConfigurationStore.swift in Sources */ = {isa = PBXBuildFile; fileRef = A10000000000000000000017 /* ConfigurationStore.swift */; };
        A10000000000000000000007 /* CoreAudioDeviceCatalog.swift in Sources */ = {isa = PBXBuildFile; fileRef = A10000000000000000000018 /* CoreAudioDeviceCatalog.swift */; };
        A10000000000000000000008 /* CoreAudioProcessCatalog.swift in Sources */ = {isa = PBXBuildFile; fileRef = A10000000000000000000019 /* CoreAudioProcessCatalog.swift */; };
/* End PBXBuildFile section */

/* Begin PBXFileReference section */
        A10000000000000000000010 /* SoundMixer.app */ = {isa = PBXFileReference; explicitFileType = wrapper.application; includeInIndex = 0; path = SoundMixer.app; sourceTree = BUILT_PRODUCTS_DIR; };
        A10000000000000000000011 /* AppDelegate.swift */ = {isa = PBXFileReference; lastKnownFileType = sourcecode.swift; path = AppDelegate.swift; sourceTree = "<group>"; };
        A10000000000000000000012 /* main.swift */ = {isa = PBXFileReference; lastKnownFileType = sourcecode.swift; path = main.swift; sourceTree = "<group>"; };
        A10000000000000000000013 /* dist */ = {isa = PBXFileReference; lastKnownFileType = folder; path = dist; sourceTree = "<group>"; };
        A10000000000000000000014 /* Info.plist */ = {isa = PBXFileReference; lastKnownFileType = text.plist.xml; path = Info.plist; sourceTree = "<group>"; };
        A10000000000000000000015 /* MixerConfiguration.swift */ = {isa = PBXFileReference; lastKnownFileType = sourcecode.swift; path = MixerConfiguration.swift; sourceTree = "<group>"; };
        A10000000000000000000016 /* GraphValidator.swift */ = {isa = PBXFileReference; lastKnownFileType = sourcecode.swift; path = GraphValidator.swift; sourceTree = "<group>"; };
        A10000000000000000000017 /* ConfigurationStore.swift */ = {isa = PBXFileReference; lastKnownFileType = sourcecode.swift; path = ConfigurationStore.swift; sourceTree = "<group>"; };
        A10000000000000000000018 /* CoreAudioDeviceCatalog.swift */ = {isa = PBXFileReference; lastKnownFileType = sourcecode.swift; path = CoreAudioDeviceCatalog.swift; sourceTree = "<group>"; };
        A10000000000000000000019 /* CoreAudioProcessCatalog.swift */ = {isa = PBXFileReference; lastKnownFileType = sourcecode.swift; path = CoreAudioProcessCatalog.swift; sourceTree = "<group>"; };
/* End PBXFileReference section */

/* Begin PBXGroup section */
        A10000000000000000000020 = {
            isa = PBXGroup;
            children = (
                A10000000000000000000021 /* SoundMixer */,
                A10000000000000000000022 /* Web */,
                A10000000000000000000023 /* Products */,
            );
            sourceTree = "<group>";
        };
        A10000000000000000000021 /* SoundMixer */ = {
            isa = PBXGroup;
            children = (
                A10000000000000000000011 /* AppDelegate.swift */,
                A10000000000000000000012 /* main.swift */,
                A10000000000000000000024 /* Domain */,
                A10000000000000000000025 /* Storage */,
                A10000000000000000000026 /* Audio */,
                A10000000000000000000014 /* Info.plist */,
            );
            path = SoundMixer;
            sourceTree = "<group>";
        };
        A10000000000000000000022 /* Web */ = {
            isa = PBXGroup;
            children = (
                A10000000000000000000013 /* dist */,
            );
            path = Web;
            sourceTree = "<group>";
        };
        A10000000000000000000023 /* Products */ = {
            isa = PBXGroup;
            children = (
                A10000000000000000000010 /* SoundMixer.app */,
            );
            name = Products;
            sourceTree = "<group>";
        };
        A10000000000000000000024 /* Domain */ = {
            isa = PBXGroup;
            children = (
                A10000000000000000000015 /* MixerConfiguration.swift */,
                A10000000000000000000016 /* GraphValidator.swift */,
            );
            path = Domain;
            sourceTree = "<group>";
        };
        A10000000000000000000025 /* Storage */ = {
            isa = PBXGroup;
            children = (
                A10000000000000000000017 /* ConfigurationStore.swift */,
            );
            path = Storage;
            sourceTree = "<group>";
        };
        A10000000000000000000026 /* Audio */ = {
            isa = PBXGroup;
            children = (A10000000000000000000018 /* CoreAudioDeviceCatalog.swift */, A10000000000000000000019 /* CoreAudioProcessCatalog.swift */,);
            path = Audio;
            sourceTree = "<group>";
        };
/* End PBXGroup section */

/* Begin PBXNativeTarget section */
        A10000000000000000000030 /* SoundMixer */ = {
            isa = PBXNativeTarget;
            buildConfigurationList = A10000000000000000000041 /* Build configuration list for PBXNativeTarget "SoundMixer" */;
            buildPhases = (
                A10000000000000000000050 /* Sources */,
                A10000000000000000000051 /* Resources */,
            );
            buildRules = ();
            dependencies = ();
            name = SoundMixer;
            productName = SoundMixer;
            productReference = A10000000000000000000010 /* SoundMixer.app */;
            productType = "com.apple.product-type.application";
        };
/* End PBXNativeTarget section */

/* Begin PBXProject section */
        A10000000000000000000031 /* Project object */ = {
            isa = PBXProject;
            attributes = {
                BuildIndependentTargetsInParallel = 1;
                LastUpgradeCheck = 2700;
                TargetAttributes = {
                    A10000000000000000000030 = { CreatedOnToolsVersion = 27.0; };
                };
            };
            buildConfigurationList = A10000000000000000000040 /* Build configuration list for PBXProject "SoundMixer" */;
            compatibilityVersion = "Xcode 14.0";
            developmentRegion = en;
            hasScannedForEncodings = 0;
            knownRegions = (en, Base);
            mainGroup = A10000000000000000000020;
            productRefGroup = A10000000000000000000023 /* Products */;
            projectDirPath = "";
            projectRoot = "";
            targets = (A10000000000000000000030 /* SoundMixer */);
        };
/* End PBXProject section */

/* Begin PBXResourcesBuildPhase section */
        A10000000000000000000051 /* Resources */ = {
            isa = PBXResourcesBuildPhase;
            buildActionMask = 2147483647;
            files = (A10000000000000000000003 /* dist in Resources */);
            runOnlyForDeploymentPostprocessing = 0;
        };
/* End PBXResourcesBuildPhase section */

/* Begin PBXSourcesBuildPhase section */
        A10000000000000000000050 /* Sources */ = {
            isa = PBXSourcesBuildPhase;
            buildActionMask = 2147483647;
            files = (
                A10000000000000000000001 /* AppDelegate.swift in Sources */,
                A10000000000000000000002 /* main.swift in Sources */,
                A10000000000000000000004 /* MixerConfiguration.swift in Sources */,
                A10000000000000000000005 /* GraphValidator.swift in Sources */,
                A10000000000000000000006 /* ConfigurationStore.swift in Sources */,
                A10000000000000000000007 /* CoreAudioDeviceCatalog.swift in Sources */,
                A10000000000000000000008 /* CoreAudioProcessCatalog.swift in Sources */,
            );
            runOnlyForDeploymentPostprocessing = 0;
        };
/* End PBXSourcesBuildPhase section */

/* Begin XCBuildConfiguration section */
        A10000000000000000000060 /* Debug */ = {isa = XCBuildConfiguration; buildSettings = { CLANG_ENABLE_MODULES = YES; MACOSX_DEPLOYMENT_TARGET = 15.0; SDKROOT = macosx; SWIFT_VERSION = 5.0; }; name = Debug; };
        A10000000000000000000061 /* Release */ = {isa = XCBuildConfiguration; buildSettings = { CLANG_ENABLE_MODULES = YES; MACOSX_DEPLOYMENT_TARGET = 15.0; SDKROOT = macosx; SWIFT_VERSION = 5.0; }; name = Release; };
        A10000000000000000000062 /* Debug */ = {
            isa = XCBuildConfiguration;
            buildSettings = {
                CODE_SIGN_STYLE = Automatic;
                CURRENT_PROJECT_VERSION = 1;
                GENERATE_INFOPLIST_FILE = NO;
                INFOPLIST_FILE = SoundMixer/Info.plist;
                MACOSX_DEPLOYMENT_TARGET = 15.0;
                MARKETING_VERSION = 0.1.0;
                PRODUCT_BUNDLE_IDENTIFIER = com.rlz.soundmixer;
                PRODUCT_NAME = "$(TARGET_NAME)";
                SWIFT_VERSION = 5.0;
            };
            name = Debug;
        };
        A10000000000000000000063 /* Release */ = {
            isa = XCBuildConfiguration;
            buildSettings = {
                CODE_SIGN_STYLE = Automatic;
                CURRENT_PROJECT_VERSION = 1;
                GENERATE_INFOPLIST_FILE = NO;
                INFOPLIST_FILE = SoundMixer/Info.plist;
                MACOSX_DEPLOYMENT_TARGET = 15.0;
                MARKETING_VERSION = 0.1.0;
                PRODUCT_BUNDLE_IDENTIFIER = com.rlz.soundmixer;
                PRODUCT_NAME = "$(TARGET_NAME)";
                SWIFT_VERSION = 5.0;
            };
            name = Release;
        };
/* End XCBuildConfiguration section */

/* Begin XCConfigurationList section */
        A10000000000000000000040 /* Build configuration list for PBXProject "SoundMixer" */ = {isa = XCConfigurationList; buildConfigurations = (A10000000000000000000060 /* Debug */, A10000000000000000000061 /* Release */); defaultConfigurationIsVisible = 0; defaultConfigurationName = Debug; };
        A10000000000000000000041 /* Build configuration list for PBXNativeTarget "SoundMixer" */ = {isa = XCConfigurationList; buildConfigurations = (A10000000000000000000062 /* Debug */, A10000000000000000000063 /* Release */); defaultConfigurationIsVisible = 0; defaultConfigurationName = Debug; };
/* End XCConfigurationList section */
    };
    rootObject = A10000000000000000000031 /* Project object */;
}
